// !$*UTF8*$!
{
	archiveVersion = 1;
	classes = {
	};
	objectVersion = 48;
	objects = {

/* Begin PBXBuildFile section */
		422AF5561FB3F3850040C87C /* AppDelegate.swift in Sources */ = {isa = PBXBuildFile; fileRef = 422AF5551FB3F3850040C87C /* AppDelegate.swift */; };
		422AF5581FB3F3850040C87C /* ViewController.swift in Sources */ = {isa = PBXBuildFile; fileRef = 422AF5571FB3F3850040C87C /* ViewController.swift */; };
		422AF55B1FB3F3850040C87C /* Main.storyboard in Resources */ = {isa = PBXBuildFile; fileRef = 422AF5591FB3F3850040C87C /* Main.storyboard */; };
		422AF55D1FB3F3850040C87C /* Assets.xcassets in Resources */ = {isa = PBXBuildFile; fileRef = 422AF55C1FB3F3850040C87C /* Assets.xcassets */; };
		422AF5601FB3F3850040C87C /* LaunchScreen.storyboard in Resources */ = {isa = PBXBuildFile; fileRef = 422AF55E1FB3F3850040C87C /* LaunchScreen.storyboard */; };
		422AF56B1FB3F3850040C87C /* MoyaTests.swift in Sources */ = {isa = PBXBuildFile; fileRef = 422AF56A1FB3F3850040C87C /* MoyaTests.swift */; };
		422AF5761FB3F3850040C87C /* MoyaUITests.swift in Sources */ = {isa = PBXBuildFile; fileRef = 422AF5751FB3F3850040C87C /* MoyaUITests.swift */; };
/* End PBXBuildFile section */

/* Begin PBXContainerItemProxy section */
		422AF5671FB3F3850040C87C /* PBXContainerItemProxy */ = {
			isa = PBXContainerItemProxy;
			containerPortal = 422AF54A1FB3F3850040C87C /* Project object */;
			proxyType = 1;
			remoteGlobalIDString = 422AF5511FB3F3850040C87C;
			remoteInfo = Moya;
		};
		422AF5721FB3F3850040C87C /* PBXContainerItemProxy */ = {
			isa = PBXContainerItemProxy;
			containerPortal = 422AF54A1FB3F3850040C87C /* Project object */;
			proxyType = 1;
			remoteGlobalIDString = 422AF5511FB3F3850040C87C;
			remoteInfo = Moya;
		};
/* End PBXContainerItemProxy section */

/* Begin PBXFileReference section */
		422AF5521FB3F3850040C87C /* Moya.app */ = {isa = PBXFileReference; explicitFileType = wrapper.application; includeInIndex = 0; path = Moya.app; sourceTree = BUILT_PRODUCTS_DIR; };
		422AF5551FB3F3850040C87C /* AppDelegate.swift */ = {isa = PBXFileReference; lastKnownFileType = sourcecode.swift; path = AppDelegate.swift; sourceTree = "<group>"; };
		422AF5571FB3F3850040C87C /* ViewController.swift */ = {isa = PBXFileReference; lastKnownFileType = sourcecode.swift; path = ViewController.swift; sourceTree = "<group>"; };
		422AF55A1FB3F3850040C87C /* Base */ = {isa = PBXFileReference; lastKnownFileType = file.storyboard; name = Base; path = Base.lproj/Main.storyboard; sourceTree = "<group>"; };
		422AF55C1FB3F3850040C87C /* Assets.xcassets */ = {isa = PBXFileReference; lastKnownFileType = folder.assetcatalog; path = Assets.xcassets; sourceTree = "<group>"; };
		422AF55F1FB3F3850040C87C /* Base */ = {isa = PBXFileReference; lastKnownFileType = file.storyboard; name = Base; path = Base.lproj/LaunchScreen.storyboard; sourceTree = "<group>"; };
		422AF5611FB3F3850040C87C /* Info.plist */ = {isa = PBXFileReference; lastKnownFileType = text.plist.xml; path = Info.plist; sourceTree = "<group>"; };
		422AF5661FB3F3850040C87C /* MoyaTests.xctest */ = {isa = PBXFileReference; explicitFileType = wrapper.cfbundle; includeInIndex = 0; path = MoyaTests.xctest; sourceTree = BUILT_PRODUCTS_DIR; };
		422AF56A1FB3F3850040C87C /* MoyaTests.swift */ = {isa = PBXFileReference; lastKnownFileType = sourcecode.swift; path = MoyaTests.swift; sourceTree = "<group>"; };
		422AF56C1FB3F3850040C87C /* Info.plist */ = {isa = PBXFileReference; lastKnownFileType = text.plist.xml; path = Info.plist; sourceTree = "<group>"; };
		422AF5711FB3F3850040C87C /* MoyaUITests.xctest */ = {isa = PBXFileReference; explicitFileType = wrapper.cfbundle; includeInIndex = 0; path = MoyaUITests.xctest; sourceTree = BUILT_PRODUCTS_DIR; };
		422AF5751FB3F3850040C87C /* MoyaUITests.swift */ = {isa = PBXFileReference; lastKnownFileType = sourcecode.swift; path = MoyaUITests.swift; sourceTree = "<group>"; };
		422AF5771FB3F3850040C87C /* Info.plist */ = {isa = PBXFileReference; lastKnownFileType = text.plist.xml; path = Info.plist; sourceTree = "<group>"; };
/* End PBXFileReference section */

/* Begin PBXFrameworksBuildPhase section */
		422AF54F1FB3F3850040C87C /* Frameworks */ = {
			isa = PBXFrameworksBuildPhase;
			buildActionMask = 2147483647;
			files = (
			);
			runOnlyForDeploymentPostprocessing = 0;
		};
		422AF5631FB3F3850040C87C /* Frameworks */ = {
			isa = PBXFrameworksBuildPhase;
			buildActionMask = 2147483647;
			files = (
			);
			runOnlyForDeploymentPostprocessing = 0;
		};
		422AF56E1FB3F3850040C87C /* Frameworks */ = {
			isa = PBXFrameworksBuildPhase;
			buildActionMask = 2147483647;
			files = (
			);
			runOnlyForDeploymentPostprocessing = 0;
		};
/* End PBXFrameworksBuildPhase section */

/* Begin PBXGroup section */
		422AF5491FB3F3850040C87C = {
			isa = PBXGroup;
			children = (
				422AF5541FB3F3850040C87C /* Moya */,
				422AF5691FB3F3850040C87C /* MoyaTests */,
				422AF5741FB3F3850040C87C /* MoyaUITests */,
				422AF5531FB3F3850040C87C /* Products */,
			);
			sourceTree = "<group>";
		};
		422AF5531FB3F3850040C87C /* Products */ = {
			isa = PBXGroup;
			children = (
				422AF5521FB3F3850040C87C /* Moya.app */,
				422AF5661FB3F3850040C87C /* MoyaTests.xctest */,
				422AF5711FB3F3850040C87C /* MoyaUITests.xctest */,
			);
			name = Products;
			sourceTree = "<group>";
		};
		422AF5541FB3F3850040C87C /* Moya */ = {
			isa = PBXGroup;
			children = (
				422AF5551FB3F3850040C87C /* AppDelegate.swift */,
				422AF5571FB3F3850040C87C /* ViewController.swift */,
				422AF5591FB3F3850040C87C /* Main.storyboard */,
				422AF55C1FB3F3850040C87C /* Assets.xcassets */,
				422AF55E1FB3F3850040C87C /* LaunchScreen.storyboard */,
				422AF5611FB3F3850040C87C /* Info.plist */,
			);
			path = Moya;
			sourceTree = "<group>";
		};
		422AF5691FB3F3850040C87C /* MoyaTests */ = {
			isa = PBXGroup;
			children = (
				422AF56A1FB3F3850040C87C /* MoyaTests.swift */,
				422AF56C1FB3F3850040C87C /* Info.plist */,
			);
			path = MoyaTests;
			sourceTree = "<group>";
		};
		422AF5741FB3F3850040C87C /* MoyaUITests */ = {
			isa = PBXGroup;
			children = (
				422AF5751FB3F3850040C87C /* MoyaUITests.swift */,
				422AF5771FB3F3850040C87C /* Info.plist */,
			);
			path = MoyaUITests;
			sourceTree = "<group>";
		};
/* End PBXGroup section */

/* Begin PBXNativeTarget section */
		422AF5511FB3F3850040C87C /* Moya */ = {
			isa = PBXNativeTarget;
			buildConfigurationList = 422AF57A1FB3F3850040C87C /* Build configuration list for PBXNativeTarget "Moya" */;
			buildPhases = (
				422AF54E1FB3F3850040C87C /* Sources */,
				422AF54F1FB3F3850040C87C /* Frameworks */,
				422AF5501FB3F3850040C87C /* Resources */,
			);
			buildRules = (
			);
			dependencies = (
			);
			name = Moya;
			productName = Moya;
			productReference = 422AF5521FB3F3850040C87C /* Moya.app */;
			productType = "com.apple.product-type.application";
		};
		422AF5651FB3F3850040C87C /* MoyaTests */ = {
			isa = PBXNativeTarget;
			buildConfigurationList = 422AF57D1FB3F3850040C87C /* Build configuration list for PBXNativeTarget "MoyaTests" */;
			buildPhases = (
				422AF5621FB3F3850040C87C /* Sources */,
				422AF5631FB3F3850040C87C /* Frameworks */,
				422AF5641FB3F3850040C87C /* Resources */,
			);
			buildRules = (
			);
			dependencies = (
				422AF5681FB3F3850040C87C /* PBXTargetDependency */,
			);
			name = MoyaTests;
			productName = MoyaTests;
			productReference = 422AF5661FB3F3850040C87C /* MoyaTests.xctest */;
			productType = "com.apple.product-type.bundle.unit-test";
		};
		422AF5701FB3F3850040C87C /* MoyaUITests */ = {
			isa = PBXNativeTarget;
			buildConfigurationList = 422AF5801FB3F3850040C87C /* Build configuration list for PBXNativeTarget "MoyaUITests" */;
			buildPhases = (
				422AF56D1FB3F3850040C87C /* Sources */,
				422AF56E1FB3F3850040C87C /* Frameworks */,
				422AF56F1FB3F3850040C87C /* Resources */,
			);
			buildRules = (
			);
			dependencies = (
				422AF5731FB3F3850040C87C /* PBXTargetDependency */,
			);
			name = MoyaUITests;
			productName = MoyaUITests;
			productReference = 422AF5711FB3F3850040C87C /* MoyaUITests.xctest */;
			productType = "com.apple.product-type.bundle.ui-testing";
		};
/* End PBXNativeTarget section */

/* Begin PBXProject section */
		422AF54A1FB3F3850040C87C /* Project object */ = {
			isa = PBXProject;
			attributes = {
				LastSwiftUpdateCheck = 0910;
				LastUpgradeCheck = 0910;
				ORGANIZATIONNAME = "E人一铺";
				TargetAttributes = {
					422AF5511FB3F3850040C87C = {
						CreatedOnToolsVersion = 9.1;
						ProvisioningStyle = Automatic;
					};
					422AF5651FB3F3850040C87C = {
						CreatedOnToolsVersion = 9.1;
						ProvisioningStyle = Automatic;
						TestTargetID = 422AF5511FB3F3850040C87C;
					};
					422AF5701FB3F3850040C87C = {
						CreatedOnToolsVersion = 9.1;
						ProvisioningStyle = Automatic;
						TestTargetID = 422AF5511FB3F3850040C87C;
					};
				};
			};
			buildConfigurationList = 422AF54D1FB3F3850040C87C /* Build configuration list for PBXProject "Moya" */;
			compatibilityVersion = "Xcode 8.0";
			developmentRegion = en;
			hasScannedForEncodings = 0;
			knownRegions = (
				en,
				Base,
			);
			mainGroup = 422AF5491FB3F3850040C87C;
			productRefGroup = 422AF5531FB3F3850040C87C /* Products */;
			projectDirPath = "";
			projectRoot = "";
			targets = (
				422AF5511FB3F3850040C87C /* Moya */,
				422AF5651FB3F3850040C87C /* MoyaTests */,
				422AF5701FB3F3850040C87C /* MoyaUITests */,
			);
		};
/* End PBXProject section */

/* Begin PBXResourcesBuildPhase section */
		422AF5501FB3F3850040C87C /* Resources */ = {
			isa = PBXResourcesBuildPhase;
			buildActionMask = 2147483647;
			files = (
				422AF5601FB3F3850040C87C /* LaunchScreen.storyboard in Resources */,
				422AF55D1FB3F3850040C87C /* Assets.xcassets in Resources */,
				422AF55B1FB3F3850040C87C /* Main.storyboard in Resources */,
			);
			runOnlyForDeploymentPostprocessing = 0;
		};
		422AF5641FB3F3850040C87C /* Resources */ = {
			isa = PBXResourcesBuildPhase;
			buildActionMask = 2147483647;
			files = (
			);
			runOnlyForDeploymentPostprocessing = 0;
		};
		422AF56F1FB3F3850040C87C /* Resources */ = {
			isa = PBXResourcesBuildPhase;
			buildActionMask = 2147483647;
			files = (
			);
			runOnlyForDeploymentPostprocessing = 0;
		};
/* End PBXResourcesBuildPhase section */

/* Begin PBXSourcesBuildPhase section */
		422AF54E1FB3F3850040C87C /* Sources */ = {
			isa = PBXSourcesBuildPhase;
			buildActionMask = 2147483647;
			files = (
				422AF5581FB3F3850040C87C /* ViewController.swift in Sources */,
				422AF5561FB3F3850040C87C /* AppDelegate.swift in Sources */,
			);
			runOnlyForDeploymentPostprocessing = 0;
		};
		422AF5621FB3F3850040C87C /* Sources */ = {
			isa = PBXSourcesBuildPhase;
			buildActionMask = 2147483647;
			files = (
				422AF56B1FB3F3850040C87C /* MoyaTests.swift in Sources */,
			);
			runOnlyForDeploymentPostprocessing = 0;
		};
		422AF56D1FB3F3850040C87C /* Sources */ = {
			isa = PBXSourcesBuildPhase;
			buildActionMask = 2147483647;
			files = (
				422AF5761FB3F3850040C87C /* MoyaUITests.swift in Sources */,
			);
			runOnlyForDeploymentPostprocessing = 0;
		};
/* End PBXSourcesBuildPhase section */

/* Begin PBXTargetDependency section */
		422AF5681FB3F3850040C87C /* PBXTargetDependency */ = {
			isa = PBXTargetDependency;
			target = 422AF5511FB3F3850040C87C /* Moya */;
			targetProxy = 422AF5671FB3F3850040C87C /* PBXContainerItemProxy */;
		};
		422AF5731FB3F3850040C87C /* PBXTargetDependency */ = {
			isa = PBXTargetDependency;
			target = 422AF5511FB3F3850040C87C /* Moya */;
			targetProxy = 422AF5721FB3F3850040C87C /* PBXContainerItemProxy */;
		};
/* End PBXTargetDependency section */

/* Begin PBXVariantGroup section */
		422AF5591FB3F3850040C87C /* Main.storyboard */ = {
			isa = PBXVariantGroup;
			children = (
				422AF55A1FB3F3850040C87C /* Base */,
			);
			name = Main.storyboard;
			sourceTree = "<group>";
		};
		422AF55E1FB3F3850040C87C /* LaunchScreen.storyboard */ = {
			isa = PBXVariantGroup;
			children = (
				422AF55F1FB3F3850040C87C /* Base */,
			);
			name = LaunchScreen.storyboard;
			sourceTree = "<group>";
		};
/* End PBXVariantGroup section */

/* Begin XCBuildConfiguration section */
		422AF5781FB3F3850040C87C /* Debug */ = {
			isa = XCBuildConfiguration;
			buildSettings = {
				ALWAYS_SEARCH_USER_PATHS = NO;
				CLANG_ANALYZER_NONNULL = YES;
				CLANG_ANALYZER_NUMBER_OBJECT_CONVERSION = YES_AGGRESSIVE;
				CLANG_CXX_LANGUAGE_STANDARD = "gnu++14";
				CLANG_CXX_LIBRARY = "libc++";
				CLANG_ENABLE_MODULES = YES;
				CLANG_ENABLE_OBJC_ARC = YES;
				CLANG_WARN_BLOCK_CAPTURE_AUTORELEASING = YES;
				CLANG_WARN_BOOL_CONVERSION = YES;
				CLANG_WARN_COMMA = YES;
				CLANG_WARN_CONSTANT_CONVERSION = YES;
				CLANG_WARN_DIRECT_OBJC_ISA_USAGE = YES_ERROR;
				CLANG_WARN_DOCUMENTATION_COMMENTS = YES;
				CLANG_WARN_EMPTY_BODY = YES;
				CLANG_WARN_ENUM_CONVERSION = YES;
				CLANG_WARN_INFINITE_RECURSION = YES;
				CLANG_WARN_INT_CONVERSION = YES;
				CLANG_WARN_NON_LITERAL_NULL_CONVERSION = YES;
				CLANG_WARN_OBJC_LITERAL_CONVERSION = YES;
				CLANG_WARN_OBJC_ROOT_CLASS = YES_ERROR;
				CLANG_WARN_RANGE_LOOP_ANALYSIS = YES;
				CLANG_WARN_STRICT_PROTOTYPES = YES;
				CLANG_WARN_SUSPICIOUS_MOVE = YES;
				CLANG_WARN_UNGUARDED_AVAILABILITY = YES_AGGRESSIVE;
				CLANG_WARN_UNREACHABLE_CODE = YES;
				CLANG_WARN__DUPLICATE_METHOD_MATCH = YES;
				CODE_SIGN_IDENTITY = "iPhone Developer";
				COPY_PHASE_STRIP = NO;
				DEBUG_INFORMATION_FORMAT = dwarf;
				ENABLE_STRICT_OBJC_MSGSEND = YES;
				ENABLE_TESTABILITY = YES;
				GCC_C_LANGUAGE_STANDARD = gnu11;
				GCC_DYNAMIC_NO_PIC = NO;
				GCC_NO_COMMON_BLOCKS = YES;
				GCC_OPTIMIZATION_LEVEL = 0;
				GCC_PREPROCESSOR_DEFINITIONS = (
					"DEBUG=1",
					"$(inherited)",
				);
				GCC_WARN_64_TO_32_BIT_CONVERSION = YES;
				GCC_WARN_ABOUT_RETURN_TYPE = YES_ERROR;
				GCC_WARN_UNDECLARED_SELECTOR = YES;
				GCC_WARN_UNINITIALIZED_AUTOS = YES_AGGRESSIVE;
				GCC_WARN_UNUSED_FUNCTION = YES;
				GCC_WARN_UNUSED_VARIABLE = YES;
				IPHONEOS_DEPLOYMENT_TARGET = 11.1;
				MTL_ENABLE_DEBUG_INFO = YES;
				ONLY_ACTIVE_ARCH = YES;
				SDKROOT = iphoneos;
				SWIFT_ACTIVE_COMPILATION_CONDITIONS = DEBUG;
				SWIFT_OPTIMIZATION_LEVEL = "-Onone";
			};
			name = Debug;
		};
		422AF5791FB3F3850040C87C /* Release */ = {
			isa = XCBuildConfiguration;
			buildSettings = {
				ALWAYS_SEARCH_USER_PATHS = NO;
				CLANG_ANALYZER_NONNULL = YES;
				CLANG_ANALYZER_NUMBER_OBJECT_CONVERSION = YES_AGGRESSIVE;
				CLANG_CXX_LANGUAGE_STANDARD = "gnu++14";
				CLANG_CXX_LIBRARY = "libc++";
				CLANG_ENABLE_MODULES = YES;
				CLANG_ENABLE_OBJC_ARC = YES;
				CLANG_WARN_BLOCK_CAPTURE_AUTORELEASING = YES;
				CLANG_WARN_BOOL_CONVERSION = YES;
				CLANG_WARN_COMMA = YES;
				CLANG_WARN_CONSTANT_CONVERSION = YES;
				CLANG_WARN_DIRECT_OBJC_ISA_USAGE = YES_ERROR;
				CLANG_WARN_DOCUMENTATION_COMMENTS = YES;
				CLANG_WARN_EMPTY_BODY = YES;
				CLANG_WARN_ENUM_CONVERSION = YES;
				CLANG_WARN_INFINITE_RECURSION = YES;
				CLANG_WARN_INT_CONVERSION = YES;
				CLANG_WARN_NON_LITERAL_NULL_CONVERSION = YES;
				CLANG_WARN_OBJC_LITERAL_CONVERSION = YES;
				CLANG_WARN_OBJC_ROOT_CLASS = YES_ERROR;
				CLANG_WARN_RANGE_LOOP_ANALYSIS = YES;
				CLANG_WARN_STRICT_PROTOTYPES = YES;
				CLANG_WARN_SUSPICIOUS_MOVE = YES;
				CLANG_WARN_UNGUARDED_AVAILABILITY = YES_AGGRESSIVE;
				CLANG_WARN_UNREACHABLE_CODE = YES;
				CLANG_WARN__DUPLICATE_METHOD_MATCH = YES;
				CODE_SIGN_IDENTITY = "iPhone Developer";
				COPY_PHASE_STRIP = NO;
				DEBUG_INFORMATION_FORMAT = "dwarf-with-dsym";
				ENABLE_NS_ASSERTIONS = NO;
				ENABLE_STRICT_OBJC_MSGSEND = YES;
				GCC_C_LANGUAGE_STANDARD = gnu11;
				GCC_NO_COMMON_BLOCKS = YES;
				GCC_WARN_64_TO_32_BIT_CONVERSION = YES;
				GCC_WARN_ABOUT_RETURN_TYPE = YES_ERROR;
				GCC_WARN_UNDECLARED_SELECTOR = YES;
				GCC_WARN_UNINITIALIZED_AUTOS = YES_AGGRESSIVE;
				GCC_WARN_UNUSED_FUNCTION = YES;
				GCC_WARN_UNUSED_VARIABLE = YES;
				IPHONEOS_DEPLOYMENT_TARGET = 11.1;
				MTL_ENABLE_DEBUG_INFO = NO;
				SDKROOT = iphoneos;
				SWIFT_OPTIMIZATION_LEVEL = "-Owholemodule";
				VALIDATE_PRODUCT = YES;
			};
			name = Release;
		};
		422AF57B1FB3F3850040C87C /* Debug */ = {
			isa = XCBuildConfiguration;
			buildSettings = {
				ASSETCATALOG_COMPILER_APPICON_NAME = AppIcon;
				CODE_SIGN_STYLE = Automatic;
				DEVELOPMENT_TEAM = 8JRE73TLSF;
				INFOPLIST_FILE = Moya/Info.plist;
				LD_RUNPATH_SEARCH_PATHS = "$(inherited) @executable_path/Frameworks";
				PRODUCT_BUNDLE_IDENTIFIER = erenyipu.com.Moya;
				PRODUCT_NAME = "$(TARGET_NAME)";
				SWIFT_VERSION = 4.0;
				TARGETED_DEVICE_FAMILY = "1,2";
			};
			name = Debug;
		};
		422AF57C1FB3F3850040C87C /* Release */ = {
			isa = XCBuildConfiguration;
			buildSettings = {
				ASSETCATALOG_COMPILER_APPICON_NAME = AppIcon;
				CODE_SIGN_STYLE = Automatic;
				DEVELOPMENT_TEAM = 8JRE73TLSF;
				INFOPLIST_FILE = Moya/Info.plist;
				LD_RUNPATH_SEARCH_PATHS = "$(inherited) @executable_path/Frameworks";
				PRODUCT_BUNDLE_IDENTIFIER = erenyipu.com.Moya;
				PRODUCT_NAME = "$(TARGET_NAME)";
				SWIFT_VERSION = 4.0;
				TARGETED_DEVICE_FAMILY = "1,2";
			};
			name = Release;
		};
		422AF57E1FB3F3850040C87C /* Debug */ = {
			isa = XCBuildConfiguration;
			buildSettings = {
				ALWAYS_EMBED_SWIFT_STANDARD_LIBRARIES = YES;
				BUNDLE_LOADER = "$(TEST_HOST)";
				CODE_SIGN_STYLE = Automatic;
				INFOPLIST_FILE = MoyaTests/Info.plist;
				LD_RUNPATH_SEARCH_PATHS = "$(inherited) @executable_path/Frameworks @loader_path/Frameworks";
				PRODUCT_BUNDLE_IDENTIFIER = erenyipu.com.MoyaTests;
				PRODUCT_NAME = "$(TARGET_NAME)";
				SWIFT_VERSION = 4.0;
				TARGETED_DEVICE_FAMILY = "1,2";
				TEST_HOST = "$(BUILT_PRODUCTS_DIR)/Moya.app/Moya";
			};
			name = Debug;
		};
		422AF57F1FB3F3850040C87C /* Release */ = {
			isa = XCBuildConfiguration;
			buildSettings = {
				ALWAYS_EMBED_SWIFT_STANDARD_LIBRARIES = YES;
				BUNDLE_LOADER = "$(TEST_HOST)";
				CODE_SIGN_STYLE = Automatic;
				INFOPLIST_FILE = MoyaTests/Info.plist;
				LD_RUNPATH_SEARCH_PATHS = "$(inherited) @executable_path/Frameworks @loader_path/Frameworks";
				PRODUCT_BUNDLE_IDENTIFIER = erenyipu.com.MoyaTests;
				PRODUCT_NAME = "$(TARGET_NAME)";
				SWIFT_VERSION = 4.0;
				TARGETED_DEVICE_FAMILY = "1,2";
				TEST_HOST = "$(BUILT_PRODUCTS_DIR)/Moya.app/Moya";
			};
			name = Release;
		};
		422AF5811FB3F3850040C87C /* Debug */ = {
			isa = XCBuildConfiguration;
			buildSettings = {
				ALWAYS_EMBED_SWIFT_STANDARD_LIBRARIES = YES;
				CODE_SIGN_STYLE = Automatic;
				INFOPLIST_FILE = MoyaUITests/Info.plist;
				LD_RUNPATH_SEARCH_PATHS = "$(inherited) @executable_path/Frameworks @loader_path/Frameworks";
				PRODUCT_BUNDLE_IDENTIFIER = erenyipu.com.MoyaUITests;
				PRODUCT_NAME = "$(TARGET_NAME)";
				SWIFT_VERSION = 4.0;
				TARGETED_DEVICE_FAMILY = "1,2";
				TEST_TARGET_NAME = Moya;
			};
			name = Debug;
		};
		422AF5821FB3F3850040C87C /* Release */ = {
			isa = XCBuildConfiguration;
			buildSettings = {
				ALWAYS_EMBED_SWIFT_STANDARD_LIBRARIES = YES;
				CODE_SIGN_STYLE = Automatic;
				INFOPLIST_FILE = MoyaUITests/Info.plist;
				LD_RUNPATH_SEARCH_PATHS = "$(inherited) @executable_path/Frameworks @loader_path/Frameworks";
				PRODUCT_BUNDLE_IDENTIFIER = erenyipu.com.MoyaUITests;
				PRODUCT_NAME = "$(TARGET_NAME)";
				SWIFT_VERSION = 4.0;
				TARGETED_DEVICE_FAMILY = "1,2";
				TEST_TARGET_NAME = Moya;
			};
			name = Release;
		};
/* End XCBuildConfiguration section */

/* Begin XCConfigurationList section */
		422AF54D1FB3F3850040C87C /* Build configuration list for PBXProject "Moya" */ = {
			isa = XCConfigurationList;
			buildConfigurations = (
				422AF5781FB3F3850040C87C /* Debug */,
				422AF5791FB3F3850040C87C /* Release */,
			);
			defaultConfigurationIsVisible = 0;
			defaultConfigurationName = Release;
		};
		422AF57A1FB3F3850040C87C /* Build configuration list for PBXNativeTarget "Moya" */ = {
			isa = XCConfigurationList;
			buildConfigurations = (
				422AF57B1FB3F3850040C87C /* Debug */,
				422AF57C1FB3F3850040C87C /* Release */,
			);
			defaultConfigurationIsVisible = 0;
			defaultConfigurationName = Release;
		};
		422AF57D1FB3F3850040C87C /* Build configuration list for PBXNativeTarget "MoyaTests" */ = {
			isa = XCConfigurationList;
			buildConfigurations = (
				422AF57E1FB3F3850040C87C /* Debug */,
				422AF57F1FB3F3850040C87C /* Release */,
			);
			defaultConfigurationIsVisible = 0;
			defaultConfigurationName = Release;
		};
		422AF5801FB3F3850040C87C /* Build configuration list for PBXNativeTarget "MoyaUITests" */ = {
			isa = XCConfigurationList;
			buildConfigurations = (
				422AF5811FB3F3850040C87C /* Debug */,
				422AF5821FB3F3850040C87C /* Release */,
			);
			defaultConfigurationIsVisible = 0;
			defaultConfigurationName = Release;
		};
/* End XCConfigurationList section */
	};
	rootObject = 422AF54A1FB3F3850040C87C /* Project object */;
}
