// !$*UTF8*$!
{
	archiveVersion = 1;
	classes = {
	};
	objectVersion = 48;
	objects = {

/* Begin PBXBuildFile section */
		424E8F731FB3FC300091BB69 /* AppDelegate.swift in Sources */ = {isa = PBXBuildFile; fileRef = 424E8F721FB3FC300091BB69 /* AppDelegate.swift */; };
		424E8F751FB3FC300091BB69 /* ViewController.swift in Sources */ = {isa = PBXBuildFile; fileRef = 424E8F741FB3FC300091BB69 /* ViewController.swift */; };
		424E8F781FB3FC300091BB69 /* Main.storyboard in Resources */ = {isa = PBXBuildFile; fileRef = 424E8F761FB3FC300091BB69 /* Main.storyboard */; };
		424E8F7A1FB3FC300091BB69 /* Assets.xcassets in Resources */ = {isa = PBXBuildFile; fileRef = 424E8F791FB3FC300091BB69 /* Assets.xcassets */; };
		424E8F7D1FB3FC300091BB69 /* LaunchScreen.storyboard in Resources */ = {isa = PBXBuildFile; fileRef = 424E8F7B1FB3FC300091BB69 /* LaunchScreen.storyboard */; };
		424E8F881FB3FC300091BB69 /* DouBanListTests.swift in Sources */ = {isa = PBXBuildFile; fileRef = 424E8F871FB3FC300091BB69 /* DouBanListTests.swift */; };
		424E8F931FB3FC300091BB69 /* DouBanListUITests.swift in Sources */ = {isa = PBXBuildFile; fileRef = 424E8F921FB3FC300091BB69 /* DouBanListUITests.swift */; };
		424E8FA01FB3FCEA0091BB69 /* Alamofire.framework in Frameworks */ = {isa = PBXBuildFile; fileRef = 424E8FA11FB3FCEA0091BB69 /* Alamofire.framework */; };
		424E8FA21FB3FCEE0091BB69 /* Moya.framework in Frameworks */ = {isa = PBXBuildFile; fileRef = 424E8FA31FB3FCEE0091BB69 /* Moya.framework */; };
		424E8FA41FB3FCF30091BB69 /* Result.framework in Frameworks */ = {isa = PBXBuildFile; fileRef = 424E8FA51FB3FCF30091BB69 /* Result.framework */; };
		424E8FA61FB3FCF70091BB69 /* SwiftyJSON.framework in Frameworks */ = {isa = PBXBuildFile; fileRef = 424E8FA71FB3FCF70091BB69 /* SwiftyJSON.framework */; };
		9A8A7D28CBB8F722C766C1D6 /* Pods_DouBanList.framework in Frameworks */ = {isa = PBXBuildFile; fileRef = FA571347D2F9CDCC78C1273E /* Pods_DouBanList.framework */; };
/* End PBXBuildFile section */

/* Begin PBXContainerItemProxy section */
		424E8F841FB3FC300091BB69 /* PBXContainerItemProxy */ = {
			isa = PBXContainerItemProxy;
			containerPortal = 424E8F671FB3FC300091BB69 /* Project object */;
			proxyType = 1;
			remoteGlobalIDString = 424E8F6E1FB3FC300091BB69;
			remoteInfo = DouBanList;
		};
		424E8F8F1FB3FC300091BB69 /* PBXContainerItemProxy */ = {
			isa = PBXContainerItemProxy;
			containerPortal = 424E8F671FB3FC300091BB69 /* Project object */;
			proxyType = 1;
			remoteGlobalIDString = 424E8F6E1FB3FC300091BB69;
			remoteInfo = DouBanList;
		};
/* End PBXContainerItemProxy section */

/* Begin PBXFileReference section */
		424E8F6F1FB3FC300091BB69 /* DouBanList.app */ = {isa = PBXFileReference; explicitFileType = wrapper.application; includeInIndex = 0; path = DouBanList.app; sourceTree = BUILT_PRODUCTS_DIR; };
		424E8F721FB3FC300091BB69 /* AppDelegate.swift */ = {isa = PBXFileReference; lastKnownFileType = sourcecode.swift; path = AppDelegate.swift; sourceTree = "<group>"; };
		424E8F741FB3FC300091BB69 /* ViewController.swift */ = {isa = PBXFileReference; lastKnownFileType = sourcecode.swift; path = ViewController.swift; sourceTree = "<group>"; };
		424E8F771FB3FC300091BB69 /* Base */ = {isa = PBXFileReference; lastKnownFileType = file.storyboard; name = Base; path = Base.lproj/Main.storyboard; sourceTree = "<group>"; };
		424E8F791FB3FC300091BB69 /* Assets.xcassets */ = {isa = PBXFileReference; lastKnownFileType = folder.assetcatalog; path = Assets.xcassets; sourceTree = "<group>"; };
		424E8F7C1FB3FC300091BB69 /* Base */ = {isa = PBXFileReference; lastKnownFileType = file.storyboard; name = Base; path = Base.lproj/LaunchScreen.storyboard; sourceTree = "<group>"; };
		424E8F7E1FB3FC300091BB69 /* Info.plist */ = {isa = PBXFileReference; lastKnownFileType = text.plist.xml; path = Info.plist; sourceTree = "<group>"; };
		424E8F831FB3FC300091BB69 /* DouBanListTests.xctest */ = {isa = PBXFileReference; explicitFileType = wrapper.cfbundle; includeInIndex = 0; path = DouBanListTests.xctest; sourceTree = BUILT_PRODUCTS_DIR; };
		424E8F871FB3FC300091BB69 /* DouBanListTests.swift */ = {isa = PBXFileReference; lastKnownFileType = sourcecode.swift; path = DouBanListTests.swift; sourceTree = "<group>"; };
		424E8F891FB3FC300091BB69 /* Info.plist */ = {isa = PBXFileReference; lastKnownFileType = text.plist.xml; path = Info.plist; sourceTree = "<group>"; };
		424E8F8E1FB3FC300091BB69 /* DouBanListUITests.xctest */ = {isa = PBXFileReference; explicitFileType = wrapper.cfbundle; includeInIndex = 0; path = DouBanListUITests.xctest; sourceTree = BUILT_PRODUCTS_DIR; };
		424E8F921FB3FC300091BB69 /* DouBanListUITests.swift */ = {isa = PBXFileReference; lastKnownFileType = sourcecode.swift; path = DouBanListUITests.swift; sourceTree = "<group>"; };
		424E8F941FB3FC300091BB69 /* Info.plist */ = {isa = PBXFileReference; lastKnownFileType = text.plist.xml; path = Info.plist; sourceTree = "<group>"; };
		424E8FA11FB3FCEA0091BB69 /* Alamofire.framework */ = {isa = PBXFileReference; explicitFileType = wrapper.framework; path = Alamofire.framework; sourceTree = BUILT_PRODUCTS_DIR; };
		424E8FA31FB3FCEE0091BB69 /* Moya.framework */ = {isa = PBXFileReference; explicitFileType = wrapper.framework; path = Moya.framework; sourceTree = BUILT_PRODUCTS_DIR; };
		424E8FA51FB3FCF30091BB69 /* Result.framework */ = {isa = PBXFileReference; explicitFileType = wrapper.framework; path = Result.framework; sourceTree = BUILT_PRODUCTS_DIR; };
		424E8FA71FB3FCF70091BB69 /* SwiftyJSON.framework */ = {isa = PBXFileReference; explicitFileType = wrapper.framework; path = SwiftyJSON.framework; sourceTree = BUILT_PRODUCTS_DIR; };
		424E8FA81FB3FD160091BB69 /* DouBanAPIManager.swift */ = {isa = PBXFileReference; lastKnownFileType = sourcecode.swift; path = DouBanAPIManager.swift; sourceTree = "<group>"; };
		964B789F02AAD94A877D233D /* Pods-DouBanList.release.xcconfig */ = {isa = PBXFileReference; includeInIndex = 1; lastKnownFileType = text.xcconfig; name = "Pods-DouBanList.release.xcconfig"; path = "Pods/Target Support Files/Pods-DouBanList/Pods-DouBanList.release.xcconfig"; sourceTree = "<group>"; };
		D9DC774D1AE70DB6EF9E0DE8 /* Pods-DouBanList.debug.xcconfig */ = {isa = PBXFileReference; includeInIndex = 1; lastKnownFileType = text.xcconfig; name = "Pods-DouBanList.debug.xcconfig"; path = "Pods/Target Support Files/Pods-DouBanList/Pods-DouBanList.debug.xcconfig"; sourceTree = "<group>"; };
		FA571347D2F9CDCC78C1273E /* Pods_DouBanList.framework */ = {isa = PBXFileReference; explicitFileType = wrapper.framework; includeInIndex = 0; path = Pods_DouBanList.framework; sourceTree = BUILT_PRODUCTS_DIR; };
/* End PBXFileReference section */

/* Begin PBXFrameworksBuildPhase section */
		424E8F6C1FB3FC300091BB69 /* Frameworks */ = {
			isa = PBXFrameworksBuildPhase;
			buildActionMask = 2147483647;
			files = (
				424E8FA61FB3FCF70091BB69 /* SwiftyJSON.framework in Frameworks */,
				424E8FA41FB3FCF30091BB69 /* Result.framework in Frameworks */,
				424E8FA21FB3FCEE0091BB69 /* Moya.framework in Frameworks */,
				424E8FA01FB3FCEA0091BB69 /* Alamofire.framework in Frameworks */,
				9A8A7D28CBB8F722C766C1D6 /* Pods_DouBanList.framework in Frameworks */,
			);
			runOnlyForDeploymentPostprocessing = 0;
		};
		424E8F801FB3FC300091BB69 /* Frameworks */ = {
			isa = PBXFrameworksBuildPhase;
			buildActionMask = 2147483647;
			files = (
			);
			runOnlyForDeploymentPostprocessing = 0;
		};
		424E8F8B1FB3FC300091BB69 /* Frameworks */ = {
			isa = PBXFrameworksBuildPhase;
			buildActionMask = 2147483647;
			files = (
			);
			runOnlyForDeploymentPostprocessing = 0;
		};
/* End PBXFrameworksBuildPhase section */

/* Begin PBXGroup section */
		320F5C337D40016DEBADFAD5 /* Pods */ = {
			isa = PBXGroup;
			children = (
				D9DC774D1AE70DB6EF9E0DE8 /* Pods-DouBanList.debug.xcconfig */,
				964B789F02AAD94A877D233D /* Pods-DouBanList.release.xcconfig */,
			);
			name = Pods;
			sourceTree = "<group>";
		};
		424E8F661FB3FC300091BB69 = {
			isa = PBXGroup;
			children = (
				424E8F711FB3FC300091BB69 /* DouBanList */,
				424E8F861FB3FC300091BB69 /* DouBanListTests */,
				424E8F911FB3FC300091BB69 /* DouBanListUITests */,
				424E8F701FB3FC300091BB69 /* Products */,
				320F5C337D40016DEBADFAD5 /* Pods */,
				843866A79C77C1E01FF90254 /* Frameworks */,
			);
			sourceTree = "<group>";
		};
		424E8F701FB3FC300091BB69 /* Products */ = {
			isa = PBXGroup;
			children = (
				424E8F6F1FB3FC300091BB69 /* DouBanList.app */,
				424E8F831FB3FC300091BB69 /* DouBanListTests.xctest */,
				424E8F8E1FB3FC300091BB69 /* DouBanListUITests.xctest */,
			);
			name = Products;
			sourceTree = "<group>";
		};
		424E8F711FB3FC300091BB69 /* DouBanList */ = {
			isa = PBXGroup;
			children = (
				424E8F721FB3FC300091BB69 /* AppDelegate.swift */,
				424E8F741FB3FC300091BB69 /* ViewController.swift */,
				424E8FA81FB3FD160091BB69 /* DouBanAPIManager.swift */,
				424E8F761FB3FC300091BB69 /* Main.storyboard */,
				424E8F791FB3FC300091BB69 /* Assets.xcassets */,
				424E8F7B1FB3FC300091BB69 /* LaunchScreen.storyboard */,
				424E8F7E1FB3FC300091BB69 /* Info.plist */,
			);
			path = DouBanList;
			sourceTree = "<group>";
		};
		424E8F861FB3FC300091BB69 /* DouBanListTests */ = {
			isa = PBXGroup;
			children = (
				424E8F871FB3FC300091BB69 /* DouBanListTests.swift */,
				424E8F891FB3FC300091BB69 /* Info.plist */,
			);
			path = DouBanListTests;
			sourceTree = "<group>";
		};
		424E8F911FB3FC300091BB69 /* DouBanListUITests */ = {
			isa = PBXGroup;
			children = (
				424E8F921FB3FC300091BB69 /* DouBanListUITests.swift */,
				424E8F941FB3FC300091BB69 /* Info.plist */,
			);
			path = DouBanListUITests;
			sourceTree = "<group>";
		};
		843866A79C77C1E01FF90254 /* Frameworks */ = {
			isa = PBXGroup;
			children = (
				424E8FA71FB3FCF70091BB69 /* SwiftyJSON.framework */,
				424E8FA51FB3FCF30091BB69 /* Result.framework */,
				424E8FA31FB3FCEE0091BB69 /* Moya.framework */,
				424E8FA11FB3FCEA0091BB69 /* Alamofire.framework */,
				FA571347D2F9CDCC78C1273E /* Pods_DouBanList.framework */,
			);
			name = Frameworks;
			sourceTree = "<group>";
		};
/* End PBXGroup section */

/* Begin PBXNativeTarget section */
		424E8F6E1FB3FC300091BB69 /* DouBanList */ = {
			isa = PBXNativeTarget;
			buildConfigurationList = 424E8F971FB3FC300091BB69 /* Build configuration list for PBXNativeTarget "DouBanList" */;
			buildPhases = (
				90E2E334C625DAAB5912F7C2 /* [CP] Check Pods Manifest.lock */,
				424E8F6B1FB3FC300091BB69 /* Sources */,
				424E8F6C1FB3FC300091BB69 /* Frameworks */,
				424E8F6D1FB3FC300091BB69 /* Resources */,
				FAC055033C1D4F802129F791 /* [CP] Embed Pods Frameworks */,
				2CB689D0E969D42E6076E752 /* [CP] Copy Pods Resources */,
			);
			buildRules = (
			);
			dependencies = (
			);
			name = DouBanList;
			productName = DouBanList;
			productReference = 424E8F6F1FB3FC300091BB69 /* DouBanList.app */;
			productType = "com.apple.product-type.application";
		};
		424E8F821FB3FC300091BB69 /* DouBanListTests */ = {
			isa = PBXNativeTarget;
			buildConfigurationList = 424E8F9A1FB3FC300091BB69 /* Build configuration list for PBXNativeTarget "DouBanListTests" */;
			buildPhases = (
				424E8F7F1FB3FC300091BB69 /* Sources */,
				424E8F801FB3FC300091BB69 /* Frameworks */,
				424E8F811FB3FC300091BB69 /* Resources */,
			);
			buildRules = (
			);
			dependencies = (
				424E8F851FB3FC300091BB69 /* PBXTargetDependency */,
			);
			name = DouBanListTests;
			productName = DouBanListTests;
			productReference = 424E8F831FB3FC300091BB69 /* DouBanListTests.xctest */;
			productType = "com.apple.product-type.bundle.unit-test";
		};
		424E8F8D1FB3FC300091BB69 /* DouBanListUITests */ = {
			isa = PBXNativeTarget;
			buildConfigurationList = 424E8F9D1FB3FC300091BB69 /* Build configuration list for PBXNativeTarget "DouBanListUITests" */;
			buildPhases = (
				424E8F8A1FB3FC300091BB69 /* Sources */,
				424E8F8B1FB3FC300091BB69 /* Frameworks */,
				424E8F8C1FB3FC300091BB69 /* Resources */,
			);
			buildRules = (
			);
			dependencies = (
				424E8F901FB3FC300091BB69 /* PBXTargetDependency */,
			);
			name = DouBanListUITests;
			productName = DouBanListUITests;
			productReference = 424E8F8E1FB3FC300091BB69 /* DouBanListUITests.xctest */;
			productType = "com.apple.product-type.bundle.ui-testing";
		};
/* End PBXNativeTarget section */

/* Begin PBXProject section */
		424E8F671FB3FC300091BB69 /* Project object */ = {
			isa = PBXProject;
			attributes = {
				LastSwiftUpdateCheck = 0910;
				LastUpgradeCheck = 0910;
				ORGANIZATIONNAME = "E人一铺";
				TargetAttributes = {
					424E8F6E1FB3FC300091BB69 = {
						CreatedOnToolsVersion = 9.1;
						ProvisioningStyle = Automatic;
					};
					424E8F821FB3FC300091BB69 = {
						CreatedOnToolsVersion = 9.1;
						ProvisioningStyle = Automatic;
						TestTargetID = 424E8F6E1FB3FC300091BB69;
					};
					424E8F8D1FB3FC300091BB69 = {
						CreatedOnToolsVersion = 9.1;
						ProvisioningStyle = Automatic;
						TestTargetID = 424E8F6E1FB3FC300091BB69;
					};
				};
			};
			buildConfigurationList = 424E8F6A1FB3FC300091BB69 /* Build configuration list for PBXProject "DouBanList" */;
			compatibilityVersion = "Xcode 8.0";
			developmentRegion = en;
			hasScannedForEncodings = 0;
			knownRegions = (
				en,
				Base,
			);
			mainGroup = 424E8F661FB3FC300091BB69;
			productRefGroup = 424E8F701FB3FC300091BB69 /* Products */;
			projectDirPath = "";
			projectRoot = "";
			targets = (
				424E8F6E1FB3FC300091BB69 /* DouBanList */,
				424E8F821FB3FC300091BB69 /* DouBanListTests */,
				424E8F8D1FB3FC300091BB69 /* DouBanListUITests */,
			);
		};
/* End PBXProject section */

/* Begin PBXResourcesBuildPhase section */
		424E8F6D1FB3FC300091BB69 /* Resources */ = {
			isa = PBXResourcesBuildPhase;
			buildActionMask = 2147483647;
			files = (
				424E8F7D1FB3FC300091BB69 /* LaunchScreen.storyboard in Resources */,
				424E8F7A1FB3FC300091BB69 /* Assets.xcassets in Resources */,
				424E8F781FB3FC300091BB69 /* Main.storyboard in Resources */,
			);
			runOnlyForDeploymentPostprocessing = 0;
		};
		424E8F811FB3FC300091BB69 /* Resources */ = {
			isa = PBXResourcesBuildPhase;
			buildActionMask = 2147483647;
			files = (
			);
			runOnlyForDeploymentPostprocessing = 0;
		};
		424E8F8C1FB3FC300091BB69 /* Resources */ = {
			isa = PBXResourcesBuildPhase;
			buildActionMask = 2147483647;
			files = (
			);
			runOnlyForDeploymentPostprocessing = 0;
		};
/* End PBXResourcesBuildPhase section */

/* Begin PBXShellScriptBuildPhase section */
		2CB689D0E969D42E6076E752 /* [CP] Copy Pods Resources */ = {
			isa = PBXShellScriptBuildPhase;
			buildActionMask = 2147483647;
			files = (
			);
			inputPaths = (
			);
			name = "[CP] Copy Pods Resources";
			outputPaths = (
			);
			runOnlyForDeploymentPostprocessing = 0;
			shellPath = /bin/sh;
			shellScript = "\"${SRCROOT}/Pods/Target Support Files/Pods-DouBanList/Pods-DouBanList-resources.sh\"\n";
			showEnvVarsInLog = 0;
		};
		90E2E334C625DAAB5912F7C2 /* [CP] Check Pods Manifest.lock */ = {
			isa = PBXShellScriptBuildPhase;
			buildActionMask = 2147483647;
			files = (
			);
			inputPaths = (
				"${PODS_PODFILE_DIR_PATH}/Podfile.lock",
				"${PODS_ROOT}/Manifest.lock",
			);
			name = "[CP] Check Pods Manifest.lock";
			outputPaths = (
				"$(DERIVED_FILE_DIR)/Pods-DouBanList-checkManifestLockResult.txt",
			);
			runOnlyForDeploymentPostprocessing = 0;
			shellPath = /bin/sh;
			shellScript = "diff \"${PODS_PODFILE_DIR_PATH}/Podfile.lock\" \"${PODS_ROOT}/Manifest.lock\" > /dev/null\nif [ $? != 0 ] ; then\n    # print error to STDERR\n    echo \"error: The sandbox is not in sync with the Podfile.lock. Run 'pod install' or update your CocoaPods installation.\" >&2\n    exit 1\nfi\n# This output is used by Xcode 'outputs' to avoid re-running this script phase.\necho \"SUCCESS\" > \"${SCRIPT_OUTPUT_FILE_0}\"\n";
			showEnvVarsInLog = 0;
		};
		FAC055033C1D4F802129F791 /* [CP] Embed Pods Frameworks */ = {
			isa = PBXShellScriptBuildPhase;
			buildActionMask = 2147483647;
			files = (
			);
			inputPaths = (
				"${SRCROOT}/Pods/Target Support Files/Pods-DouBanList/Pods-DouBanList-frameworks.sh",
				"${BUILT_PRODUCTS_DIR}/Alamofire/Alamofire.framework",
				"${BUILT_PRODUCTS_DIR}/Moya/Moya.framework",
				"${BUILT_PRODUCTS_DIR}/Result/Result.framework",
				"${BUILT_PRODUCTS_DIR}/SwiftyJSON/SwiftyJSON.framework",
			);
			name = "[CP] Embed Pods Frameworks";
			outputPaths = (
				"${TARGET_BUILD_DIR}/${FRAMEWORKS_FOLDER_PATH}/Alamofire.framework",
				"${TARGET_BUILD_DIR}/${FRAMEWORKS_FOLDER_PATH}/Moya.framework",
				"${TARGET_BUILD_DIR}/${FRAMEWORKS_FOLDER_PATH}/Result.framework",
				"${TARGET_BUILD_DIR}/${FRAMEWORKS_FOLDER_PATH}/SwiftyJSON.framework",
			);
			runOnlyForDeploymentPostprocessing = 0;
			shellPath = /bin/sh;
			shellScript = "\"${SRCROOT}/Pods/Target Support Files/Pods-DouBanList/Pods-DouBanList-frameworks.sh\"\n";
			showEnvVarsInLog = 0;
		};
/* End PBXShellScriptBuildPhase section */

/* Begin PBXSourcesBuildPhase section */
		424E8F6B1FB3FC300091BB69 /* Sources */ = {
			isa = PBXSourcesBuildPhase;
			buildActionMask = 2147483647;
			files = (
				424E8F751FB3FC300091BB69 /* ViewController.swift in Sources */,
				424E8F731FB3FC300091BB69 /* AppDelegate.swift in Sources */,
			);
			runOnlyForDeploymentPostprocessing = 0;
		};
		424E8F7F1FB3FC300091BB69 /* Sources */ = {
			isa = PBXSourcesBuildPhase;
			buildActionMask = 2147483647;
			files = (
				424E8F881FB3FC300091BB69 /* DouBanListTests.swift in Sources */,
			);
			runOnlyForDeploymentPostprocessing = 0;
		};
		424E8F8A1FB3FC300091BB69 /* Sources */ = {
			isa = PBXSourcesBuildPhase;
			buildActionMask = 2147483647;
			files = (
				424E8F931FB3FC300091BB69 /* DouBanListUITests.swift in Sources */,
			);
			runOnlyForDeploymentPostprocessing = 0;
		};
/* End PBXSourcesBuildPhase section */

/* Begin PBXTargetDependency section */
		424E8F851FB3FC300091BB69 /* PBXTargetDependency */ = {
			isa = PBXTargetDependency;
			target = 424E8F6E1FB3FC300091BB69 /* DouBanList */;
			targetProxy = 424E8F841FB3FC300091BB69 /* PBXContainerItemProxy */;
		};
		424E8F901FB3FC300091BB69 /* PBXTargetDependency */ = {
			isa = PBXTargetDependency;
			target = 424E8F6E1FB3FC300091BB69 /* DouBanList */;
			targetProxy = 424E8F8F1FB3FC300091BB69 /* PBXContainerItemProxy */;
		};
/* End PBXTargetDependency section */

/* Begin PBXVariantGroup section */
		424E8F761FB3FC300091BB69 /* Main.storyboard */ = {
			isa = PBXVariantGroup;
			children = (
				424E8F771FB3FC300091BB69 /* Base */,
			);
			name = Main.storyboard;
			sourceTree = "<group>";
		};
		424E8F7B1FB3FC300091BB69 /* LaunchScreen.storyboard */ = {
			isa = PBXVariantGroup;
			children = (
				424E8F7C1FB3FC300091BB69 /* Base */,
			);
			name = LaunchScreen.storyboard;
			sourceTree = "<group>";
		};
/* End PBXVariantGroup section */

/* Begin XCBuildConfiguration section */
		424E8F951FB3FC300091BB69 /* Debug */ = {
			isa = XCBuildConfiguration;
			buildSettings = {
				ALWAYS_SEARCH_USER_PATHS = NO;
				CLANG_ANALYZER_NONNULL = YES;
				CLANG_ANALYZER_NUMBER_OBJECT_CONVERSION = YES_AGGRESSIVE;
				CLANG_CXX_LANGUAGE_STANDARD = "gnu++14";
				CLANG_CXX_LIBRARY = "libc++";
				CLANG_ENABLE_MODULES = YES;
				CLANG_ENABLE_OBJC_ARC = YES;
				CLANG_WARN_BLOCK_CAPTURE_AUTORELEASING = YES;
				CLANG_WARN_BOOL_CONVERSION = YES;
				CLANG_WARN_COMMA = YES;
				CLANG_WARN_CONSTANT_CONVERSION = YES;
				CLANG_WARN_DIRECT_OBJC_ISA_USAGE = YES_ERROR;
				CLANG_WARN_DOCUMENTATION_COMMENTS = YES;
				CLANG_WARN_EMPTY_BODY = YES;
				CLANG_WARN_ENUM_CONVERSION = YES;
				CLANG_WARN_INFINITE_RECURSION = YES;
				CLANG_WARN_INT_CONVERSION = YES;
				CLANG_WARN_NON_LITERAL_NULL_CONVERSION = YES;
				CLANG_WARN_OBJC_LITERAL_CONVERSION = YES;
				CLANG_WARN_OBJC_ROOT_CLASS = YES_ERROR;
				CLANG_WARN_RANGE_LOOP_ANALYSIS = YES;
				CLANG_WARN_STRICT_PROTOTYPES = YES;
				CLANG_WARN_SUSPICIOUS_MOVE = YES;
				CLANG_WARN_UNGUARDED_AVAILABILITY = YES_AGGRESSIVE;
				CLANG_WARN_UNREACHABLE_CODE = YES;
				CLANG_WARN__DUPLICATE_METHOD_MATCH = YES;
				CODE_SIGN_IDENTITY = "iPhone Developer";
				COPY_PHASE_STRIP = NO;
				DEBUG_INFORMATION_FORMAT = dwarf;
				ENABLE_STRICT_OBJC_MSGSEND = YES;
				ENABLE_TESTABILITY = YES;
				GCC_C_LANGUAGE_STANDARD = gnu11;
				GCC_DYNAMIC_NO_PIC = NO;
				GCC_NO_COMMON_BLOCKS = YES;
				GCC_OPTIMIZATION_LEVEL = 0;
				GCC_PREPROCESSOR_DEFINITIONS = (
					"DEBUG=1",
					"$(inherited)",
				);
				GCC_WARN_64_TO_32_BIT_CONVERSION = YES;
				GCC_WARN_ABOUT_RETURN_TYPE = YES_ERROR;
				GCC_WARN_UNDECLARED_SELECTOR = YES;
				GCC_WARN_UNINITIALIZED_AUTOS = YES_AGGRESSIVE;
				GCC_WARN_UNUSED_FUNCTION = YES;
				GCC_WARN_UNUSED_VARIABLE = YES;
				IPHONEOS_DEPLOYMENT_TARGET = 11.1;
				MTL_ENABLE_DEBUG_INFO = YES;
				ONLY_ACTIVE_ARCH = YES;
				SDKROOT = iphoneos;
				SWIFT_ACTIVE_COMPILATION_CONDITIONS = DEBUG;
				SWIFT_OPTIMIZATION_LEVEL = "-Onone";
			};
			name = Debug;
		};
		424E8F961FB3FC300091BB69 /* Release */ = {
			isa = XCBuildConfiguration;
			buildSettings = {
				ALWAYS_SEARCH_USER_PATHS = NO;
				CLANG_ANALYZER_NONNULL = YES;
				CLANG_ANALYZER_NUMBER_OBJECT_CONVERSION = YES_AGGRESSIVE;
				CLANG_CXX_LANGUAGE_STANDARD = "gnu++14";
				CLANG_CXX_LIBRARY = "libc++";
				CLANG_ENABLE_MODULES = YES;
				CLANG_ENABLE_OBJC_ARC = YES;
				CLANG_WARN_BLOCK_CAPTURE_AUTORELEASING = YES;
				CLANG_WARN_BOOL_CONVERSION = YES;
				CLANG_WARN_COMMA = YES;
				CLANG_WARN_CONSTANT_CONVERSION = YES;
				CLANG_WARN_DIRECT_OBJC_ISA_USAGE = YES_ERROR;
				CLANG_WARN_DOCUMENTATION_COMMENTS = YES;
				CLANG_WARN_EMPTY_BODY = YES;
				CLANG_WARN_ENUM_CONVERSION = YES;
				CLANG_WARN_INFINITE_RECURSION = YES;
				CLANG_WARN_INT_CONVERSION = YES;
				CLANG_WARN_NON_LITERAL_NULL_CONVERSION = YES;
				CLANG_WARN_OBJC_LITERAL_CONVERSION = YES;
				CLANG_WARN_OBJC_ROOT_CLASS = YES_ERROR;
				CLANG_WARN_RANGE_LOOP_ANALYSIS = YES;
				CLANG_WARN_STRICT_PROTOTYPES = YES;
				CLANG_WARN_SUSPICIOUS_MOVE = YES;
				CLANG_WARN_UNGUARDED_AVAILABILITY = YES_AGGRESSIVE;
				CLANG_WARN_UNREACHABLE_CODE = YES;
				CLANG_WARN__DUPLICATE_METHOD_MATCH = YES;
				CODE_SIGN_IDENTITY = "iPhone Developer";
				COPY_PHASE_STRIP = NO;
				DEBUG_INFORMATION_FORMAT = "dwarf-with-dsym";
				ENABLE_NS_ASSERTIONS = NO;
				ENABLE_STRICT_OBJC_MSGSEND = YES;
				GCC_C_LANGUAGE_STANDARD = gnu11;
				GCC_NO_COMMON_BLOCKS = YES;
				GCC_WARN_64_TO_32_BIT_CONVERSION = YES;
				GCC_WARN_ABOUT_RETURN_TYPE = YES_ERROR;
				GCC_WARN_UNDECLARED_SELECTOR = YES;
				GCC_WARN_UNINITIALIZED_AUTOS = YES_AGGRESSIVE;
				GCC_WARN_UNUSED_FUNCTION = YES;
				GCC_WARN_UNUSED_VARIABLE = YES;
				IPHONEOS_DEPLOYMENT_TARGET = 11.1;
				MTL_ENABLE_DEBUG_INFO = NO;
				SDKROOT = iphoneos;
				SWIFT_OPTIMIZATION_LEVEL = "-Owholemodule";
				VALIDATE_PRODUCT = YES;
			};
			name = Release;
		};
		424E8F981FB3FC300091BB69 /* Debug */ = {
			isa = XCBuildConfiguration;
			baseConfigurationReference = D9DC774D1AE70DB6EF9E0DE8 /* Pods-DouBanList.debug.xcconfig */;
			buildSettings = {
				ASSETCATALOG_COMPILER_APPICON_NAME = AppIcon;
				CODE_SIGN_STYLE = Automatic;
				DEVELOPMENT_TEAM = 8JRE73TLSF;
				INFOPLIST_FILE = DouBanList/Info.plist;
				LD_RUNPATH_SEARCH_PATHS = "$(inherited) @executable_path/Frameworks";
				PRODUCT_BUNDLE_IDENTIFIER = erenyipu.com.DouBanList;
				PRODUCT_NAME = "$(TARGET_NAME)";
				SWIFT_VERSION = 4.0;
				TARGETED_DEVICE_FAMILY = "1,2";
			};
			name = Debug;
		};
		424E8F991FB3FC300091BB69 /* Release */ = {
			isa = XCBuildConfiguration;
			baseConfigurationReference = 964B789F02AAD94A877D233D /* Pods-DouBanList.release.xcconfig */;
			buildSettings = {
				ASSETCATALOG_COMPILER_APPICON_NAME = AppIcon;
				CODE_SIGN_STYLE = Automatic;
				DEVELOPMENT_TEAM = 8JRE73TLSF;
				INFOPLIST_FILE = DouBanList/Info.plist;
				LD_RUNPATH_SEARCH_PATHS = "$(inherited) @executable_path/Frameworks";
				PRODUCT_BUNDLE_IDENTIFIER = erenyipu.com.DouBanList;
				PRODUCT_NAME = "$(TARGET_NAME)";
				SWIFT_VERSION = 4.0;
				TARGETED_DEVICE_FAMILY = "1,2";
			};
			name = Release;
		};
		424E8F9B1FB3FC300091BB69 /* Debug */ = {
			isa = XCBuildConfiguration;
			buildSettings = {
				ALWAYS_EMBED_SWIFT_STANDARD_LIBRARIES = YES;
				BUNDLE_LOADER = "$(TEST_HOST)";
				CODE_SIGN_STYLE = Automatic;
				INFOPLIST_FILE = DouBanListTests/Info.plist;
				LD_RUNPATH_SEARCH_PATHS = "$(inherited) @executable_path/Frameworks @loader_path/Frameworks";
				PRODUCT_BUNDLE_IDENTIFIER = erenyipu.com.DouBanListTests;
				PRODUCT_NAME = "$(TARGET_NAME)";
				SWIFT_VERSION = 4.0;
				TARGETED_DEVICE_FAMILY = "1,2";
				TEST_HOST = "$(BUILT_PRODUCTS_DIR)/DouBanList.app/DouBanList";
			};
			name = Debug;
		};
		424E8F9C1FB3FC300091BB69 /* Release */ = {
			isa = XCBuildConfiguration;
			buildSettings = {
				ALWAYS_EMBED_SWIFT_STANDARD_LIBRARIES = YES;
				BUNDLE_LOADER = "$(TEST_HOST)";
				CODE_SIGN_STYLE = Automatic;
				INFOPLIST_FILE = DouBanListTests/Info.plist;
				LD_RUNPATH_SEARCH_PATHS = "$(inherited) @executable_path/Frameworks @loader_path/Frameworks";
				PRODUCT_BUNDLE_IDENTIFIER = erenyipu.com.DouBanListTests;
				PRODUCT_NAME = "$(TARGET_NAME)";
				SWIFT_VERSION = 4.0;
				TARGETED_DEVICE_FAMILY = "1,2";
				TEST_HOST = "$(BUILT_PRODUCTS_DIR)/DouBanList.app/DouBanList";
			};
			name = Release;
		};
		424E8F9E1FB3FC300091BB69 /* Debug */ = {
			isa = XCBuildConfiguration;
			buildSettings = {
				ALWAYS_EMBED_SWIFT_STANDARD_LIBRARIES = YES;
				CODE_SIGN_STYLE = Automatic;
				INFOPLIST_FILE = DouBanListUITests/Info.plist;
				LD_RUNPATH_SEARCH_PATHS = "$(inherited) @executable_path/Frameworks @loader_path/Frameworks";
				PRODUCT_BUNDLE_IDENTIFIER = erenyipu.com.DouBanListUITests;
				PRODUCT_NAME = "$(TARGET_NAME)";
				SWIFT_VERSION = 4.0;
				TARGETED_DEVICE_FAMILY = "1,2";
				TEST_TARGET_NAME = DouBanList;
			};
			name = Debug;
		};
		424E8F9F1FB3FC300091BB69 /* Release */ = {
			isa = XCBuildConfiguration;
			buildSettings = {
				ALWAYS_EMBED_SWIFT_STANDARD_LIBRARIES = YES;
				CODE_SIGN_STYLE = Automatic;
				INFOPLIST_FILE = DouBanListUITests/Info.plist;
				LD_RUNPATH_SEARCH_PATHS = "$(inherited) @executable_path/Frameworks @loader_path/Frameworks";
				PRODUCT_BUNDLE_IDENTIFIER = erenyipu.com.DouBanListUITests;
				PRODUCT_NAME = "$(TARGET_NAME)";
				SWIFT_VERSION = 4.0;
				TARGETED_DEVICE_FAMILY = "1,2";
				TEST_TARGET_NAME = DouBanList;
			};
			name = Release;
		};
/* End XCBuildConfiguration section */

/* Begin XCConfigurationList section */
		424E8F6A1FB3FC300091BB69 /* Build configuration list for PBXProject "DouBanList" */ = {
			isa = XCConfigurationList;
			buildConfigurations = (
				424E8F951FB3FC300091BB69 /* Debug */,
				424E8F961FB3FC300091BB69 /* Release */,
			);
			defaultConfigurationIsVisible = 0;
			defaultConfigurationName = Release;
		};
		424E8F971FB3FC300091BB69 /* Build configuration list for PBXNativeTarget "DouBanList" */ = {
			isa = XCConfigurationList;
			buildConfigurations = (
				424E8F981FB3FC300091BB69 /* Debug */,
				424E8F991FB3FC300091BB69 /* Release */,
			);
			defaultConfigurationIsVisible = 0;
			defaultConfigurationName = Release;
		};
		424E8F9A1FB3FC300091BB69 /* Build configuration list for PBXNativeTarget "DouBanListTests" */ = {
			isa = XCConfigurationList;
			buildConfigurations = (
				424E8F9B1FB3FC300091BB69 /* Debug */,
				424E8F9C1FB3FC300091BB69 /* Release */,
			);
			defaultConfigurationIsVisible = 0;
			defaultConfigurationName = Release;
		};
		424E8F9D1FB3FC300091BB69 /* Build configuration list for PBXNativeTarget "DouBanListUITests" */ = {
			isa = XCConfigurationList;
			buildConfigurations = (
				424E8F9E1FB3FC300091BB69 /* Debug */,
				424E8F9F1FB3FC300091BB69 /* Release */,
			);
			defaultConfigurationIsVisible = 0;
			defaultConfigurationName = Release;
		};
/* End XCConfigurationList section */
	};
	rootObject = 424E8F671FB3FC300091BB69 /* Project object */;
}
